// !$*UTF8*$!
{
	archiveVersion = 1;
	classes = {
	};
	objectVersion = 46;
	objects = {

/* Begin PBXBuildFile section */
		483D94511A881FA400E4C0AB /* AppDelegate.swift in Sources */ = {isa = PBXBuildFile; fileRef = 483D94501A881FA400E4C0AB /* AppDelegate.swift */; };
		483D94531A881FA400E4C0AB /* Images.xcassets in Resources */ = {isa = PBXBuildFile; fileRef = 483D94521A881FA400E4C0AB /* Images.xcassets */; };
		483D94561A881FA400E4C0AB /* MainMenu.xib in Resources */ = {isa = PBXBuildFile; fileRef = 483D94541A881FA400E4C0AB /* MainMenu.xib */; };
		483D94621A881FA400E4C0AB /* YaMusicTests.swift in Sources */ = {isa = PBXBuildFile; fileRef = 483D94611A881FA400E4C0AB /* YaMusicTests.swift */; };
		483D946F1A88220F00E4C0AB /* MasterController.swift in Sources */ = {isa = PBXBuildFile; fileRef = 483D946D1A88220F00E4C0AB /* MasterController.swift */; };
		483D94701A88220F00E4C0AB /* MasterController.xib in Resources */ = {isa = PBXBuildFile; fileRef = 483D946E1A88220F00E4C0AB /* MasterController.xib */; };
		483D94C21A892B9500E4C0AB /* Carbon.framework in Frameworks */ = {isa = PBXBuildFile; fileRef = 483D94C11A892B9500E4C0AB /* Carbon.framework */; };
		483D94C41A892B9A00E4C0AB /* Cocoa.framework in Frameworks */ = {isa = PBXBuildFile; fileRef = 483D94C31A892B9A00E4C0AB /* Cocoa.framework */; };
		483D94C71A8961B600E4C0AB /* home.png in Resources */ = {isa = PBXBuildFile; fileRef = 483D94C61A8961B600E4C0AB /* home.png */; };
/* End PBXBuildFile section */

/* Begin PBXContainerItemProxy section */
		483D945C1A881FA400E4C0AB /* PBXContainerItemProxy */ = {
			isa = PBXContainerItemProxy;
			containerPortal = 483D94431A881FA400E4C0AB /* Project object */;
			proxyType = 1;
			remoteGlobalIDString = 483D944A1A881FA400E4C0AB;
			remoteInfo = YaMusic;
		};
/* End PBXContainerItemProxy section */

/* Begin PBXFileReference section */
		483D944B1A881FA400E4C0AB /* YaMusic.app */ = {isa = PBXFileReference; explicitFileType = wrapper.application; includeInIndex = 0; path = YaMusic.app; sourceTree = BUILT_PRODUCTS_DIR; };
		483D944F1A881FA400E4C0AB /* Info.plist */ = {isa = PBXFileReference; lastKnownFileType = text.plist.xml; path = Info.plist; sourceTree = "<group>"; };
		483D94501A881FA400E4C0AB /* AppDelegate.swift */ = {isa = PBXFileReference; lastKnownFileType = sourcecode.swift; path = AppDelegate.swift; sourceTree = "<group>"; };
		483D94521A881FA400E4C0AB /* Images.xcassets */ = {isa = PBXFileReference; lastKnownFileType = folder.assetcatalog; path = Images.xcassets; sourceTree = "<group>"; };
		483D94551A881FA400E4C0AB /* Base */ = {isa = PBXFileReference; lastKnownFileType = file.xib; name = Base; path = Base.lproj/MainMenu.xib; sourceTree = "<group>"; };
		483D945B1A881FA400E4C0AB /* YaMusicTests.xctest */ = {isa = PBXFileReference; explicitFileType = wrapper.cfbundle; includeInIndex = 0; path = YaMusicTests.xctest; sourceTree = BUILT_PRODUCTS_DIR; };
		483D94601A881FA400E4C0AB /* Info.plist */ = {isa = PBXFileReference; lastKnownFileType = text.plist.xml; path = Info.plist; sourceTree = "<group>"; };
		483D94611A881FA400E4C0AB /* YaMusicTests.swift */ = {isa = PBXFileReference; lastKnownFileType = sourcecode.swift; path = YaMusicTests.swift; sourceTree = "<group>"; };
		483D946D1A88220F00E4C0AB /* MasterController.swift */ = {isa = PBXFileReference; fileEncoding = 4; lastKnownFileType = sourcecode.swift; path = MasterController.swift; sourceTree = "<group>"; };
		483D946E1A88220F00E4C0AB /* MasterController.xib */ = {isa = PBXFileReference; fileEncoding = 4; lastKnownFileType = file.xib; path = MasterController.xib; sourceTree = "<group>"; };
		483D94C11A892B9500E4C0AB /* Carbon.framework */ = {isa = PBXFileReference; lastKnownFileType = wrapper.framework; name = Carbon.framework; path = System/Library/Frameworks/Carbon.framework; sourceTree = SDKROOT; };
		483D94C31A892B9A00E4C0AB /* Cocoa.framework */ = {isa = PBXFileReference; lastKnownFileType = wrapper.framework; name = Cocoa.framework; path = System/Library/Frameworks/Cocoa.framework; sourceTree = SDKROOT; };
		483D94C61A8961B600E4C0AB /* home.png */ = {isa = PBXFileReference; lastKnownFileType = image.png; path = home.png; sourceTree = "<group>"; };
/* End PBXFileReference section */

/* Begin PBXFrameworksBuildPhase section */
		483D94481A881FA400E4C0AB /* Frameworks */ = {
			isa = PBXFrameworksBuildPhase;
			buildActionMask = 2147483647;
			files = (
				483D94C41A892B9A00E4C0AB /* Cocoa.framework in Frameworks */,
				483D94C21A892B9500E4C0AB /* Carbon.framework in Frameworks */,
			);
			runOnlyForDeploymentPostprocessing = 0;
		};
		483D94581A881FA400E4C0AB /* Frameworks */ = {
			isa = PBXFrameworksBuildPhase;
			buildActionMask = 2147483647;
			files = (
			);
			runOnlyForDeploymentPostprocessing = 0;
		};
/* End PBXFrameworksBuildPhase section */

/* Begin PBXGroup section */
		483D94421A881FA400E4C0AB = {
			isa = PBXGroup;
			children = (
				483D944D1A881FA400E4C0AB /* YaMusic */,
				483D945E1A881FA400E4C0AB /* YaMusicTests */,
				483D944C1A881FA400E4C0AB /* Products */,
				483D94C51A8951BA00E4C0AB /* Frameworks */,
			);
			sourceTree = "<group>";
		};
		483D944C1A881FA400E4C0AB /* Products */ = {
			isa = PBXGroup;
			children = (
				483D944B1A881FA400E4C0AB /* YaMusic.app */,
				483D945B1A881FA400E4C0AB /* YaMusicTests.xctest */,
			);
			name = Products;
			sourceTree = "<group>";
		};
		483D944D1A881FA400E4C0AB /* YaMusic */ = {
			isa = PBXGroup;
			children = (
				483D94501A881FA400E4C0AB /* AppDelegate.swift */,
				483D94521A881FA400E4C0AB /* Images.xcassets */,
				483D94541A881FA400E4C0AB /* MainMenu.xib */,
				483D944E1A881FA400E4C0AB /* Supporting Files */,
				483D946D1A88220F00E4C0AB /* MasterController.swift */,
				483D946E1A88220F00E4C0AB /* MasterController.xib */,
				483D94C61A8961B600E4C0AB /* home.png */,
			);
			path = YaMusic;
			sourceTree = "<group>";
		};
		483D944E1A881FA400E4C0AB /* Supporting Files */ = {
			isa = PBXGroup;
			children = (
				483D944F1A881FA400E4C0AB /* Info.plist */,
			);
			name = "Supporting Files";
			sourceTree = "<group>";
		};
		483D945E1A881FA400E4C0AB /* YaMusicTests */ = {
			isa = PBXGroup;
			children = (
				483D94611A881FA400E4C0AB /* YaMusicTests.swift */,
				483D945F1A881FA400E4C0AB /* Supporting Files */,
			);
			path = YaMusicTests;
			sourceTree = "<group>";
		};
		483D945F1A881FA400E4C0AB /* Supporting Files */ = {
			isa = PBXGroup;
			children = (
				483D94601A881FA400E4C0AB /* Info.plist */,
			);
			name = "Supporting Files";
			sourceTree = "<group>";
		};
		483D94C51A8951BA00E4C0AB /* Frameworks */ = {
			isa = PBXGroup;
			children = (
				483D94C11A892B9500E4C0AB /* Carbon.framework */,
				483D94C31A892B9A00E4C0AB /* Cocoa.framework */,
			);
			name = Frameworks;
			sourceTree = "<group>";
		};
/* End PBXGroup section */

/* Begin PBXNativeTarget section */
		483D944A1A881FA400E4C0AB /* YaMusic */ = {
			isa = PBXNativeTarget;
			buildConfigurationList = 483D94651A881FA400E4C0AB /* Build configuration list for PBXNativeTarget "YaMusic" */;
			buildPhases = (
				483D94471A881FA400E4C0AB /* Sources */,
				483D94481A881FA400E4C0AB /* Frameworks */,
				483D94491A881FA400E4C0AB /* Resources */,
			);
			buildRules = (
			);
			dependencies = (
			);
			name = YaMusic;
			productName = YaMusic;
			productReference = 483D944B1A881FA400E4C0AB /* YaMusic.app */;
			productType = "com.apple.product-type.application";
		};
		483D945A1A881FA400E4C0AB /* YaMusicTests */ = {
			isa = PBXNativeTarget;
			buildConfigurationList = 483D94681A881FA400E4C0AB /* Build configuration list for PBXNativeTarget "YaMusicTests" */;
			buildPhases = (
				483D94571A881FA400E4C0AB /* Sources */,
				483D94581A881FA400E4C0AB /* Frameworks */,
				483D94591A881FA400E4C0AB /* Resources */,
			);
			buildRules = (
			);
			dependencies = (
				483D945D1A881FA400E4C0AB /* PBXTargetDependency */,
			);
			name = YaMusicTests;
			productName = YaMusicTests;
			productReference = 483D945B1A881FA400E4C0AB /* YaMusicTests.xctest */;
			productType = "com.apple.product-type.bundle.unit-test";
		};
/* End PBXNativeTarget section */

/* Begin PBXProject section */
		483D94431A881FA400E4C0AB /* Project object */ = {
			isa = PBXProject;
			attributes = {
				LastUpgradeCheck = 0610;
				ORGANIZATIONNAME = "Dmitry Burmistrov";
				TargetAttributes = {
					483D944A1A881FA400E4C0AB = {
						CreatedOnToolsVersion = 6.1.1;
					};
					483D945A1A881FA400E4C0AB = {
						CreatedOnToolsVersion = 6.1.1;
						TestTargetID = 483D944A1A881FA400E4C0AB;
					};
				};
			};
			buildConfigurationList = 483D94461A881FA400E4C0AB /* Build configuration list for PBXProject "YaMusic" */;
			compatibilityVersion = "Xcode 3.2";
			developmentRegion = English;
			hasScannedForEncodings = 0;
			knownRegions = (
				en,
				Base,
				English,
			);
			mainGroup = 483D94421A881FA400E4C0AB;
			productRefGroup = 483D944C1A881FA400E4C0AB /* Products */;
			projectDirPath = "";
			projectRoot = "";
			targets = (
				483D944A1A881FA400E4C0AB /* YaMusic */,
				483D945A1A881FA400E4C0AB /* YaMusicTests */,
			);
		};
/* End PBXProject section */

/* Begin PBXResourcesBuildPhase section */
		483D94491A881FA400E4C0AB /* Resources */ = {
			isa = PBXResourcesBuildPhase;
			buildActionMask = 2147483647;
			files = (
				483D94701A88220F00E4C0AB /* MasterController.xib in Resources */,
				483D94C71A8961B600E4C0AB /* home.png in Resources */,
				483D94531A881FA400E4C0AB /* Images.xcassets in Resources */,
				483D94561A881FA400E4C0AB /* MainMenu.xib in Resources */,
			);
			runOnlyForDeploymentPostprocessing = 0;
		};
		483D94591A881FA400E4C0AB /* Resources */ = {
			isa = PBXResourcesBuildPhase;
			buildActionMask = 2147483647;
			files = (
			);
			runOnlyForDeploymentPostprocessing = 0;
		};
/* End PBXResourcesBuildPhase section */

/* Begin PBXSourcesBuildPhase section */
		483D94471A881FA400E4C0AB /* Sources */ = {
			isa = PBXSourcesBuildPhase;
			buildActionMask = 2147483647;
			files = (
				483D94511A881FA400E4C0AB /* AppDelegate.swift in Sources */,
				483D946F1A88220F00E4C0AB /* MasterController.swift in Sources */,
			);
			runOnlyForDeploymentPostprocessing = 0;
		};
		483D94571A881FA400E4C0AB /* Sources */ = {
			isa = PBXSourcesBuildPhase;
			buildActionMask = 2147483647;
			files = (
				483D94621A881FA400E4C0AB /* YaMusicTests.swift in Sources */,
			);
			runOnlyForDeploymentPostprocessing = 0;
		};
/* End PBXSourcesBuildPhase section */

/* Begin PBXTargetDependency section */
		483D945D1A881FA400E4C0AB /* PBXTargetDependency */ = {
			isa = PBXTargetDependency;
			target = 483D944A1A881FA400E4C0AB /* YaMusic */;
			targetProxy = 483D945C1A881FA400E4C0AB /* PBXContainerItemProxy */;
		};
/* End PBXTargetDependency section */

/* Begin PBXVariantGroup section */
		483D94541A881FA400E4C0AB /* MainMenu.xib */ = {
			isa = PBXVariantGroup;
			children = (
				483D94551A881FA400E4C0AB /* Base */,
			);
			name = MainMenu.xib;
			sourceTree = "<group>";
		};
/* End PBXVariantGroup section */

/* Begin XCBuildConfiguration section */
		483D94631A881FA400E4C0AB /* Debug */ = {
			isa = XCBuildConfiguration;
			buildSettings = {
				ALWAYS_SEARCH_USER_PATHS = NO;
				CLANG_CXX_LANGUAGE_STANDARD = "gnu++0x";
				CLANG_CXX_LIBRARY = "libc++";
				CLANG_ENABLE_MODULES = YES;
				CLANG_ENABLE_OBJC_ARC = YES;
				CLANG_WARN_BOOL_CONVERSION = YES;
				CLANG_WARN_CONSTANT_CONVERSION = YES;
				CLANG_WARN_DIRECT_OBJC_ISA_USAGE = YES_ERROR;
				CLANG_WARN_EMPTY_BODY = YES;
				CLANG_WARN_ENUM_CONVERSION = YES;
				CLANG_WARN_INT_CONVERSION = YES;
				CLANG_WARN_OBJC_ROOT_CLASS = YES_ERROR;
				CLANG_WARN_UNREACHABLE_CODE = YES;
				CLANG_WARN__DUPLICATE_METHOD_MATCH = YES;
				CODE_SIGN_IDENTITY = "-";
				COPY_PHASE_STRIP = NO;
				ENABLE_STRICT_OBJC_MSGSEND = YES;
				GCC_C_LANGUAGE_STANDARD = gnu99;
				GCC_DYNAMIC_NO_PIC = NO;
				GCC_OPTIMIZATION_LEVEL = 0;
				GCC_PREPROCESSOR_DEFINITIONS = (
					"DEBUG=1",
					"$(inherited)",
				);
				GCC_SYMBOLS_PRIVATE_EXTERN = NO;
				GCC_WARN_64_TO_32_BIT_CONVERSION = YES;
				GCC_WARN_ABOUT_RETURN_TYPE = YES_ERROR;
				GCC_WARN_UNDECLARED_SELECTOR = YES;
				GCC_WARN_UNINITIALIZED_AUTOS = YES_AGGRESSIVE;
				GCC_WARN_UNUSED_FUNCTION = YES;
				GCC_WARN_UNUSED_VARIABLE = YES;
				MACOSX_DEPLOYMENT_TARGET = 10.9;
				MTL_ENABLE_DEBUG_INFO = YES;
				ONLY_ACTIVE_ARCH = YES;
				SDKROOT = macosx;
				SWIFT_OPTIMIZATION_LEVEL = "-Onone";
			};
			name = Debug;
		};
		483D94641A881FA400E4C0AB /* Release */ = {
			isa = XCBuildConfiguration;
			buildSettings = {
				ALWAYS_SEARCH_USER_PATHS = NO;
				CLANG_CXX_LANGUAGE_STANDARD = "gnu++0x";
				CLANG_CXX_LIBRARY = "libc++";
				CLANG_ENABLE_MODULES = YES;
				CLANG_ENABLE_OBJC_ARC = YES;
				CLANG_WARN_BOOL_CONVERSION = YES;
				CLANG_WARN_CONSTANT_CONVERSION = YES;
				CLANG_WARN_DIRECT_OBJC_ISA_USAGE = YES_ERROR;
				CLANG_WARN_EMPTY_BODY = YES;
				CLANG_WARN_ENUM_CONVERSION = YES;
				CLANG_WARN_INT_CONVERSION = YES;
				CLANG_WARN_OBJC_ROOT_CLASS = YES_ERROR;
				CLANG_WARN_UNREACHABLE_CODE = YES;
				CLANG_WARN__DUPLICATE_METHOD_MATCH = YES;
				CODE_SIGN_IDENTITY = "-";
				COPY_PHASE_STRIP = YES;
				DEBUG_INFORMATION_FORMAT = "dwarf-with-dsym";
				ENABLE_NS_ASSERTIONS = NO;
				ENABLE_STRICT_OBJC_MSGSEND = YES;
				GCC_C_LANGUAGE_STANDARD = gnu99;
				GCC_WARN_64_TO_32_BIT_CONVERSION = YES;
				GCC_WARN_ABOUT_RETURN_TYPE = YES_ERROR;
				GCC_WARN_UNDECLARED_SELECTOR = YES;
				GCC_WARN_UNINITIALIZED_AUTOS = YES_AGGRESSIVE;
				GCC_WARN_UNUSED_FUNCTION = YES;
				GCC_WARN_UNUSED_VARIABLE = YES;
				MACOSX_DEPLOYMENT_TARGET = 10.9;
				MTL_ENABLE_DEBUG_INFO = NO;
				SDKROOT = macosx;
			};
			name = Release;
		};
		483D94661A881FA400E4C0AB /* Debug */ = {
			isa = XCBuildConfiguration;
			buildSettings = {
				ASSETCATALOG_COMPILER_APPICON_NAME = AppIcons;
				COMBINE_HIDPI_IMAGES = YES;
				INFOPLIST_FILE = YaMusic/Info.plist;
				LD_RUNPATH_SEARCH_PATHS = "$(inherited) @executable_path/../Frameworks";
				PRODUCT_NAME = "$(TARGET_NAME)";
			};
			name = Debug;
		};
		483D94671A881FA400E4C0AB /* Release */ = {
			isa = XCBuildConfiguration;
			buildSettings = {
				ASSETCATALOG_COMPILER_APPICON_NAME = AppIcons;
				COMBINE_HIDPI_IMAGES = YES;
				INFOPLIST_FILE = YaMusic/Info.plist;
				LD_RUNPATH_SEARCH_PATHS = "$(inherited) @executable_path/../Frameworks";
				PRODUCT_NAME = "$(TARGET_NAME)";
			};
			name = Release;
		};
		483D94691A881FA400E4C0AB /* Debug */ = {
			isa = XCBuildConfiguration;
			buildSettings = {
				BUNDLE_LOADER = "$(TEST_HOST)";
				COMBINE_HIDPI_IMAGES = YES;
				FRAMEWORK_SEARCH_PATHS = (
					"$(DEVELOPER_FRAMEWORKS_DIR)",
					"$(inherited)",
				);
				GCC_PREPROCESSOR_DEFINITIONS = (
					"DEBUG=1",
					"$(inherited)",
				);
				INFOPLIST_FILE = YaMusicTests/Info.plist;
				LD_RUNPATH_SEARCH_PATHS = "$(inherited) @executable_path/../Frameworks @loader_path/../Frameworks";
				PRODUCT_NAME = "$(TARGET_NAME)";
				TEST_HOST = "$(BUILT_PRODUCTS_DIR)/YaMusic.app/Contents/MacOS/YaMusic";
			};
			name = Debug;
		};
		483D946A1A881FA400E4C0AB /* Release */ = {
			isa = XCBuildConfiguration;
			buildSettings = {
				BUNDLE_LOADER = "$(TEST_HOST)";
				COMBINE_HIDPI_IMAGES = YES;
				FRAMEWORK_SEARCH_PATHS = (
					"$(DEVELOPER_FRAMEWORKS_DIR)",
					"$(inherited)",
				);
				INFOPLIST_FILE = YaMusicTests/Info.plist;
				LD_RUNPATH_SEARCH_PATHS = "$(inherited) @executable_path/../Frameworks @loader_path/../Frameworks";
				PRODUCT_NAME = "$(TARGET_NAME)";
				TEST_HOST = "$(BUILT_PRODUCTS_DIR)/YaMusic.app/Contents/MacOS/YaMusic";
			};
			name = Release;
		};
/* End XCBuildConfiguration section */

/* Begin XCConfigurationList section */
		483D94461A881FA400E4C0AB /* Build configuration list for PBXProject "YaMusic" */ = {
			isa = XCConfigurationList;
			buildConfigurations = (
				483D94631A881FA400E4C0AB /* Debug */,
				483D94641A881FA400E4C0AB /* Release */,
			);
			defaultConfigurationIsVisible = 0;
			defaultConfigurationName = Release;
		};
		483D94651A881FA400E4C0AB /* Build configuration list for PBXNativeTarget "YaMusic" */ = {
			isa = XCConfigurationList;
			buildConfigurations = (
				483D94661A881FA400E4C0AB /* Debug */,
				483D94671A881FA400E4C0AB /* Release */,
			);
			defaultConfigurationIsVisible = 0;
		};
		483D94681A881FA400E4C0AB /* Build configuration list for PBXNativeTarget "YaMusicTests" */ = {
			isa = XCConfigurationList;
			buildConfigurations = (
				483D94691A881FA400E4C0AB /* Debug */,
				483D946A1A881FA400E4C0AB /* Release */,
			);
			defaultConfigurationIsVisible = 0;
		};
/* End XCConfigurationList section */
	};
	rootObject = 483D94431A881FA400E4C0AB /* Project object */;
}
